
Microsoft Visual Studio Solution File, Format Version 12.00
# Visual Studio Version 17
VisualStudioVersion = 17.8.34525.116
MinimumVisualStudioVersion = 10.0.40219.1
Project("{FAE04EC0-301F-11D3-BF4B-00C04F79EFBC}") = "EJERCICIO_ENCLASE", "EJERCICIO_ENCLASE\EJERCICIO_ENCLASE.csproj", "{3063022F-F182-47EC-AA50-7FC8075581BE}"
EndProject
Global
	GlobalSection(SolutionConfigurationPlatforms) = preSolution
		Debug|Any CPU = Debug|Any CPU
		Release|Any CPU = Release|Any CPU
	EndGlobalSection
	GlobalSection(ProjectConfigurationPlatforms) = postSolution
		{3063022F-F182-47EC-AA50-7FC8075581BE}.Debug|Any CPU.ActiveCfg = Debug|Any CPU
		{3063022F-F182-47EC-AA50-7FC8075581BE}.Debug|Any CPU.Build.0 = Debug|Any CPU
		{3063022F-F182-47EC-AA50-7FC8075581BE}.Release|Any CPU.ActiveCfg = Release|Any CPU
		{3063022F-F182-47EC-AA50-7FC8075581BE}.Release|Any CPU.Build.0 = Release|Any CPU
	EndGlobalSection
	GlobalSection(SolutionProperties) = preSolution
		HideSolutionNode = FALSE
	EndGlobalSection
	GlobalSection(ExtensibilityGlobals) = postSolution
		SolutionGuid = {F62F2484-A6E5-4772-8156-E55BAA8C6F35}
	EndGlobalSection
EndGlobal
